
Microsoft Visual Studio Solution File, Format Version 12.00
# Visual Studio Version 17
VisualStudioVersion = 17.7.34202.233
MinimumVisualStudioVersion = 10.0.40219.1
Project("{9A19103F-16F7-4668-BE54-9A1E7A4F7556}") = "WormsHoles", "WormsHoles.csproj", "{60EE741B-BB83-40F5-ABEE-1B988285BC7B}"
EndProject
Project("{FAE04EC0-301F-11D3-BF4B-00C04F79EFBC}") = "TheGambler", "..\TheGambler\TheGambler.csproj", "{977AED45-EEAF-44DF-B1A4-F3FC10271788}"
EndProject
Global
	GlobalSection(SolutionConfigurationPlatforms) = preSolution
		Debug|Any CPU = Debug|Any CPU
		Release|Any CPU = Release|Any CPU
	EndGlobalSection
	GlobalSection(ProjectConfigurationPlatforms) = postSolution
		{60EE741B-BB83-40F5-ABEE-1B988285BC7B}.Debug|Any CPU.ActiveCfg = Debug|Any CPU
		{60EE741B-BB83-40F5-ABEE-1B988285BC7B}.Debug|Any CPU.Build.0 = Debug|Any CPU
		{60EE741B-BB83-40F5-ABEE-1B988285BC7B}.Release|Any CPU.ActiveCfg = Release|Any CPU
		{60EE741B-BB83-40F5-ABEE-1B988285BC7B}.Release|Any CPU.Build.0 = Release|Any CPU
		{977AED45-EEAF-44DF-B1A4-F3FC10271788}.Debug|Any CPU.ActiveCfg = Debug|Any CPU
		{977AED45-EEAF-44DF-B1A4-F3FC10271788}.Debug|Any CPU.Build.0 = Debug|Any CPU
		{977AED45-EEAF-44DF-B1A4-F3FC10271788}.Release|Any CPU.ActiveCfg = Release|Any CPU
		{977AED45-EEAF-44DF-B1A4-F3FC10271788}.Release|Any CPU.Build.0 = Release|Any CPU
	EndGlobalSection
	GlobalSection(SolutionProperties) = preSolution
		HideSolutionNode = FALSE
	EndGlobalSection
	GlobalSection(ExtensibilityGlobals) = postSolution
		SolutionGuid = {537ACC61-1A8C-4A5D-95DB-DE58468794EA}
	EndGlobalSection
EndGlobal
