
Microsoft Visual Studio Solution File, Format Version 12.00
# Visual Studio Version 17
VisualStudioVersion = 17.7.34202.233
MinimumVisualStudioVersion = 10.0.40219.1
Project("{FAE04EC0-301F-11D3-BF4B-00C04F79EFBC}") = "E01_BoxOfString", "E01_BoxOfString.csproj", "{A6E25C97-3F31-4D03-B257-B43E72E2230B}"
EndProject
Project("{FAE04EC0-301F-11D3-BF4B-00C04F79EFBC}") = "E02_GenericBoxOfInteger", "..\E02_GenericBoxOfInteger\E02_GenericBoxOfInteger.csproj", "{C09B25A3-49FE-4200-96A2-FE5E7777E57E}"
EndProject
Global
	GlobalSection(SolutionConfigurationPlatforms) = preSolution
		Debug|Any CPU = Debug|Any CPU
		Release|Any CPU = Release|Any CPU
	EndGlobalSection
	GlobalSection(ProjectConfigurationPlatforms) = postSolution
		{A6E25C97-3F31-4D03-B257-B43E72E2230B}.Debug|Any CPU.ActiveCfg = Debug|Any CPU
		{A6E25C97-3F31-4D03-B257-B43E72E2230B}.Debug|Any CPU.Build.0 = Debug|Any CPU
		{A6E25C97-3F31-4D03-B257-B43E72E2230B}.Release|Any CPU.ActiveCfg = Release|Any CPU
		{A6E25C97-3F31-4D03-B257-B43E72E2230B}.Release|Any CPU.Build.0 = Release|Any CPU
		{C09B25A3-49FE-4200-96A2-FE5E7777E57E}.Debug|Any CPU.ActiveCfg = Debug|Any CPU
		{C09B25A3-49FE-4200-96A2-FE5E7777E57E}.Debug|Any CPU.Build.0 = Debug|Any CPU
		{C09B25A3-49FE-4200-96A2-FE5E7777E57E}.Release|Any CPU.ActiveCfg = Release|Any CPU
		{C09B25A3-49FE-4200-96A2-FE5E7777E57E}.Release|Any CPU.Build.0 = Release|Any CPU
	EndGlobalSection
	GlobalSection(SolutionProperties) = preSolution
		HideSolutionNode = FALSE
	EndGlobalSection
	GlobalSection(ExtensibilityGlobals) = postSolution
		SolutionGuid = {6BC54F57-909C-4233-BD88-D74E855E71B6}
	EndGlobalSection
EndGlobal
